
Microsoft Visual Studio Solution File, Format Version 12.00
# Visual Studio Version 16
VisualStudioVersion = 16.0.29503.13
MinimumVisualStudioVersion = 10.0.40219.1
Project("{FAE04EC0-301F-11D3-BF4B-00C04F79EFBC}") = "ImageCalculator", "ImageCalculator\ImageCalculator.csproj", "{E384136C-4E04-4F4E-A22F-A031CE2F9C09}"
EndProject
Project("{FAE04EC0-301F-11D3-BF4B-00C04F79EFBC}") = "UnitTests", "UnitTests\UnitTests.csproj", "{B1CA74A1-8318-47AF-A371-E48DC05E01EB}"
	ProjectSection(ProjectDependencies) = postProject
		{E384136C-4E04-4F4E-A22F-A031CE2F9C09} = {E384136C-4E04-4F4E-A22F-A031CE2F9C09}
	EndProjectSection
EndProject
Global
	GlobalSection(SolutionConfigurationPlatforms) = preSolution
		Debug|Any CPU = Debug|Any CPU
		Release|Any CPU = Release|Any CPU
	EndGlobalSection
	GlobalSection(ProjectConfigurationPlatforms) = postSolution
		{E384136C-4E04-4F4E-A22F-A031CE2F9C09}.Debug|Any CPU.ActiveCfg = Debug|Any CPU
		{E384136C-4E04-4F4E-A22F-A031CE2F9C09}.Debug|Any CPU.Build.0 = Debug|Any CPU
		{E384136C-4E04-4F4E-A22F-A031CE2F9C09}.Release|Any CPU.ActiveCfg = Release|Any CPU
		{E384136C-4E04-4F4E-A22F-A031CE2F9C09}.Release|Any CPU.Build.0 = Release|Any CPU
		{B1CA74A1-8318-47AF-A371-E48DC05E01EB}.Debug|Any CPU.ActiveCfg = Debug|Any CPU
		{B1CA74A1-8318-47AF-A371-E48DC05E01EB}.Debug|Any CPU.Build.0 = Debug|Any CPU
		{B1CA74A1-8318-47AF-A371-E48DC05E01EB}.Release|Any CPU.ActiveCfg = Release|Any CPU
		{B1CA74A1-8318-47AF-A371-E48DC05E01EB}.Release|Any CPU.Build.0 = Release|Any CPU
	EndGlobalSection
	GlobalSection(SolutionProperties) = preSolution
		HideSolutionNode = FALSE
	EndGlobalSection
	GlobalSection(ExtensibilityGlobals) = postSolution
		SolutionGuid = {828D82AF-751A-43EE-B731-81D569F9F827}
	EndGlobalSection
EndGlobal
